{
  "name": "uploads",
  "version": "1.0.0",
  "lockfileVersion": 3,
  "requires": true,
  "packages": {
    "": {
      "name": "uploads",
      "version": "1.0.0",
      "dependencies": {
        "auto-json-db": "^1.0.0"
      }
    },
    "node_modules/auto-json-db": {
      "version": "1.0.0",
      "resolved": "https://registry.npmjs.org/auto-json-db/-/auto-json-db-1.0.0.tgz",
      "integrity": "sha512-Sbnks/1nToe+X86YyCSr5VV+veD9UkxTtOgJrLjLr+p5XVSkFzepkJrnXgjP+vUoIwsIaCeoxnOUujnH+FVbTQ==",
      "license": "MIT",
      "engines": {
        "node": ">=12.0.0"
      }
    }
  }
}
